
Microsoft Visual Studio Solution File, Format Version 12.00
# Visual Studio Version 17
VisualStudioVersion = 17.9.34607.119
MinimumVisualStudioVersion = 10.0.40219.1
Project("{9A19103F-16F7-4668-BE54-9A1E7A4F7556}") = "FlightManagement", "FlightManagement\FlightManagement.csproj", "{19985D0E-ED35-42D1-920F-B9CFC3CD68F3}"
	ProjectSection(ProjectDependencies) = postProject
		{A219396F-78FC-44B2-ACFA-B495BF81E9D0} = {A219396F-78FC-44B2-ACFA-B495BF81E9D0}
	EndProjectSection
EndProject
Project("{9A19103F-16F7-4668-BE54-9A1E7A4F7556}") = "FlightManagement.Domain", "FlightManagement.Entities\FlightManagement.Domain.csproj", "{AB3F3D32-7923-480C-A9B1-B507E8E78B1F}"
EndProject
Project("{9A19103F-16F7-4668-BE54-9A1E7A4F7556}") = "FlightManagement.Infrastructure", "FlightManagement.Database\FlightManagement.Infrastructure.csproj", "{A219396F-78FC-44B2-ACFA-B495BF81E9D0}"
EndProject
Project("{FAE04EC0-301F-11D3-BF4B-00C04F79EFBC}") = "FlightManagement.Application", "FlightManagement.Application\FlightManagement.Application.csproj", "{3F5E390F-513B-4220-BA7C-03433962F556}"
EndProject
Global
	GlobalSection(SolutionConfigurationPlatforms) = preSolution
		Debug|Any CPU = Debug|Any CPU
		Release|Any CPU = Release|Any CPU
	EndGlobalSection
	GlobalSection(ProjectConfigurationPlatforms) = postSolution
		{19985D0E-ED35-42D1-920F-B9CFC3CD68F3}.Debug|Any CPU.ActiveCfg = Debug|Any CPU
		{19985D0E-ED35-42D1-920F-B9CFC3CD68F3}.Debug|Any CPU.Build.0 = Debug|Any CPU
		{19985D0E-ED35-42D1-920F-B9CFC3CD68F3}.Release|Any CPU.ActiveCfg = Release|Any CPU
		{19985D0E-ED35-42D1-920F-B9CFC3CD68F3}.Release|Any CPU.Build.0 = Release|Any CPU
		{AB3F3D32-7923-480C-A9B1-B507E8E78B1F}.Debug|Any CPU.ActiveCfg = Debug|Any CPU
		{AB3F3D32-7923-480C-A9B1-B507E8E78B1F}.Debug|Any CPU.Build.0 = Debug|Any CPU
		{AB3F3D32-7923-480C-A9B1-B507E8E78B1F}.Release|Any CPU.ActiveCfg = Release|Any CPU
		{AB3F3D32-7923-480C-A9B1-B507E8E78B1F}.Release|Any CPU.Build.0 = Release|Any CPU
		{A219396F-78FC-44B2-ACFA-B495BF81E9D0}.Debug|Any CPU.ActiveCfg = Debug|Any CPU
		{A219396F-78FC-44B2-ACFA-B495BF81E9D0}.Debug|Any CPU.Build.0 = Debug|Any CPU
		{A219396F-78FC-44B2-ACFA-B495BF81E9D0}.Release|Any CPU.ActiveCfg = Release|Any CPU
		{A219396F-78FC-44B2-ACFA-B495BF81E9D0}.Release|Any CPU.Build.0 = Release|Any CPU
		{3F5E390F-513B-4220-BA7C-03433962F556}.Debug|Any CPU.ActiveCfg = Debug|Any CPU
		{3F5E390F-513B-4220-BA7C-03433962F556}.Debug|Any CPU.Build.0 = Debug|Any CPU
		{3F5E390F-513B-4220-BA7C-03433962F556}.Release|Any CPU.ActiveCfg = Release|Any CPU
		{3F5E390F-513B-4220-BA7C-03433962F556}.Release|Any CPU.Build.0 = Release|Any CPU
	EndGlobalSection
	GlobalSection(SolutionProperties) = preSolution
		HideSolutionNode = FALSE
	EndGlobalSection
	GlobalSection(ExtensibilityGlobals) = postSolution
		SolutionGuid = {6518024E-6F57-41C3-A25A-5427621CF1FA}
	EndGlobalSection
EndGlobal
